<?xml version="1.0" encoding="utf-8"?>
<Project ToolsVersion="4.0" xmlns="http://schemas.microsoft.com/developer/msbuild/2003">
  <ItemGroup>
    <Filter Include="Parser">
      <UniqueIdentifier>{628c8e8a-ecdd-4728-a37b-6a0871a3f349}</UniqueIdentifier>
    </Filter>
    <Filter Include="Parser\Frontend">
      <UniqueIdentifier>{9778bdd6-3200-45c7-aa71-9534efc91d2a}</UniqueIdentifier>
    </Filter>
    <Filter Include="Parser\Frontend\Cpp">
      <UniqueIdentifier>{0a18472c-73c9-4ecc-9fa2-726f167cfbd7}</UniqueIdentifier>
    </Filter>
  </ItemGroup>
  <ItemGroup>
    <ClInclude Include="..\..\src\Parser\Token.h">
      <Filter>Parser</Filter>
    </ClInclude>
    <ClInclude Include="..\..\src\Parser\Common.h">
      <Filter>Parser</Filter>
    </ClInclude>
    <ClInclude Include="..\..\src\Parser\FrontEnd\Lexer.h">
      <Filter>Parser\Frontend</Filter>
    </ClInclude>
    <ClInclude Include="..\..\src\Parser\Frontend\Cpp\CppLexer.h">
      <Filter>Parser\Frontend\Cpp</Filter>
    </ClInclude>
    <ClInclude Include="..\..\src\Parser\GenericParserTypedef.h">
      <Filter>Parser</Filter>
    </ClInclude>
    <ClInclude Include="..\..\src\Parser\TokenList.h">
      <Filter>Parser</Filter>
    </ClInclude>
    <ClInclude Include="..\..\src\Parser\DiagnosticsManager.h">
      <Filter>Parser</Filter>
    </ClInclude>
    <ClInclude Include="..\..\src\Parser\Frontend\RpnParser.h">
      <Filter>Parser\Frontend</Filter>
    </ClInclude>
    <ClInclude Include="..\..\src\Parser\Frontend\Cpp\Preprocessor.h">
      <Filter>Parser\Frontend\Cpp</Filter>
    </ClInclude>
    <ClInclude Include="..\..\src\Parser\ParserUtils.h">
      <Filter>Parser</Filter>
    </ClInclude>
    <ClInclude Include="..\..\src\Parser\Internal.h">
      <Filter>Parser</Filter>
    </ClInclude>
    <ClInclude Include="..\..\src\Parser\CacheBuffer.h">
      <Filter>Parser</Filter>
    </ClInclude>
    <ClInclude Include="..\..\src\Parser\UnitFile.h">
      <Filter>Parser</Filter>
    </ClInclude>
    <ClInclude Include="..\..\src\Parser\TokenBuffer.h">
      <Filter>Parser</Filter>
    </ClInclude>
  </ItemGroup>
  <ItemGroup>
    <ClCompile Include="..\..\src\Parser\FrontEnd\Lexer.cpp">
      <Filter>Parser\Frontend</Filter>
    </ClCompile>
    <ClCompile Include="..\..\src\Parser\Frontend\Cpp\CppLexer.cpp">
      <Filter>Parser\Frontend\Cpp</Filter>
    </ClCompile>
    <ClCompile Include="..\..\src\Parser\DiagnosticsManager.cpp">
      <Filter>Parser</Filter>
    </ClCompile>
    <ClCompile Include="..\..\src\Parser\Frontend\RpnParser.cpp">
      <Filter>Parser\Frontend</Filter>
    </ClCompile>
    <ClCompile Include="..\..\src\Parser\Frontend\Cpp\Preprocessor.cpp">
      <Filter>Parser\Frontend\Cpp</Filter>
    </ClCompile>
    <ClCompile Include="..\..\src\Parser\ParserUtils.cpp">
      <Filter>Parser</Filter>
    </ClCompile>
    <ClCompile Include="..\..\src\Parser\UnitFile.cpp">
      <Filter>Parser</Filter>
    </ClCompile>
    <ClCompile Include="..\..\src\Parser\TokenBuffer.cpp">
      <Filter>Parser</Filter>
    </ClCompile>
  </ItemGroup>
</Project>