
Microsoft Visual Studio Solution File, Format Version 12.00
# Visual Studio 2013
VisualStudioVersion = 12.0.21005.1
MinimumVisualStudioVersion = 10.0.40219.1
Project("{8BC9CEB8-8B4A-11D0-8D11-00A0C91BC942}") = "UnitTest", "UnitTest\UnitTest.vcxproj", "{8CE12A6F-D670-4BB7-8994-578A09EDCBCB}"
EndProject
Project("{8BC9CEB8-8B4A-11D0-8D11-00A0C91BC942}") = "LuminoParser", "LuminoParser\LuminoParser.vcxproj", "{180CF223-7284-44AB-8209-12B556C6109D}"
EndProject
Project("{8BC9CEB8-8B4A-11D0-8D11-00A0C91BC942}") = "LuminoCore", "..\external\Lumino.Core\build_vs2013\LuminoCore\LuminoCore.vcxproj", "{8715C72D-4B3F-4E92-B363-11D6ECCAD809}"
EndProject
Global
	GlobalSection(SolutionConfigurationPlatforms) = preSolution
		Debug|Win32 = Debug|Win32
		Release|Win32 = Release|Win32
	EndGlobalSection
	GlobalSection(ProjectConfigurationPlatforms) = postSolution
		{8CE12A6F-D670-4BB7-8994-578A09EDCBCB}.Debug|Win32.ActiveCfg = Debug|Win32
		{8CE12A6F-D670-4BB7-8994-578A09EDCBCB}.Debug|Win32.Build.0 = Debug|Win32
		{8CE12A6F-D670-4BB7-8994-578A09EDCBCB}.Release|Win32.ActiveCfg = Release|Win32
		{8CE12A6F-D670-4BB7-8994-578A09EDCBCB}.Release|Win32.Build.0 = Release|Win32
		{180CF223-7284-44AB-8209-12B556C6109D}.Debug|Win32.ActiveCfg = Debug|Win32
		{180CF223-7284-44AB-8209-12B556C6109D}.Debug|Win32.Build.0 = Debug|Win32
		{180CF223-7284-44AB-8209-12B556C6109D}.Release|Win32.ActiveCfg = Release|Win32
		{180CF223-7284-44AB-8209-12B556C6109D}.Release|Win32.Build.0 = Release|Win32
		{8715C72D-4B3F-4E92-B363-11D6ECCAD809}.Debug|Win32.ActiveCfg = Debug|Win32
		{8715C72D-4B3F-4E92-B363-11D6ECCAD809}.Debug|Win32.Build.0 = Debug|Win32
		{8715C72D-4B3F-4E92-B363-11D6ECCAD809}.Release|Win32.ActiveCfg = Release|Win32
		{8715C72D-4B3F-4E92-B363-11D6ECCAD809}.Release|Win32.Build.0 = Release|Win32
	EndGlobalSection
	GlobalSection(SolutionProperties) = preSolution
		HideSolutionNode = FALSE
	EndGlobalSection
EndGlobal
